
Microsoft Visual Studio Solution File, Format Version 12.00
# Visual Studio Version 16
VisualStudioVersion = 16.0.30413.136
MinimumVisualStudioVersion = 10.0.40219.1
Project("{8BC9CEB8-8B4A-11D0-8D11-00A0C91BC942}") = "Labs_S03_OBDZ_L01", "Labs_S03_OBDZ_L01\Labs_S03_OBDZ_L01.vcxproj", "{09040044-8D96-4486-A468-E4C0FA99F50D}"
EndProject
Global
	GlobalSection(SolutionConfigurationPlatforms) = preSolution
		Debug|x64 = Debug|x64
		Debug|x86 = Debug|x86
		Release|x64 = Release|x64
		Release|x86 = Release|x86
	EndGlobalSection
	GlobalSection(ProjectConfigurationPlatforms) = postSolution
		{09040044-8D96-4486-A468-E4C0FA99F50D}.Debug|x64.ActiveCfg = Debug|x64
		{09040044-8D96-4486-A468-E4C0FA99F50D}.Debug|x64.Build.0 = Debug|x64
		{09040044-8D96-4486-A468-E4C0FA99F50D}.Debug|x86.ActiveCfg = Debug|Win32
		{09040044-8D96-4486-A468-E4C0FA99F50D}.Debug|x86.Build.0 = Debug|Win32
		{09040044-8D96-4486-A468-E4C0FA99F50D}.Release|x64.ActiveCfg = Release|x64
		{09040044-8D96-4486-A468-E4C0FA99F50D}.Release|x64.Build.0 = Release|x64
		{09040044-8D96-4486-A468-E4C0FA99F50D}.Release|x86.ActiveCfg = Release|Win32
		{09040044-8D96-4486-A468-E4C0FA99F50D}.Release|x86.Build.0 = Release|Win32
	EndGlobalSection
	GlobalSection(SolutionProperties) = preSolution
		HideSolutionNode = FALSE
	EndGlobalSection
	GlobalSection(ExtensibilityGlobals) = postSolution
		SolutionGuid = {54131B68-B882-4CBC-93BA-4B9C1745353E}
	EndGlobalSection
EndGlobal
